
Microsoft Visual Studio Solution File, Format Version 12.00
# Visual Studio Version 17
VisualStudioVersion = 17.13.35919.96 d17.13
MinimumVisualStudioVersion = 10.0.40219.1
Project("{FAE04EC0-301F-11D3-BF4B-00C04F79EFBC}") = "object-oriented-programming", "object-oriented-programming.csproj", "{D678472F-1CD8-4DA9-B0D7-D6AC4A7376F1}"
EndProject
Global
	GlobalSection(SolutionConfigurationPlatforms) = preSolution
		Debug|Any CPU = Debug|Any CPU
		Release|Any CPU = Release|Any CPU
	EndGlobalSection
	GlobalSection(ProjectConfigurationPlatforms) = postSolution
		{D678472F-1CD8-4DA9-B0D7-D6AC4A7376F1}.Debug|Any CPU.ActiveCfg = Debug|Any CPU
		{D678472F-1CD8-4DA9-B0D7-D6AC4A7376F1}.Debug|Any CPU.Build.0 = Debug|Any CPU
		{D678472F-1CD8-4DA9-B0D7-D6AC4A7376F1}.Release|Any CPU.ActiveCfg = Release|Any CPU
		{D678472F-1CD8-4DA9-B0D7-D6AC4A7376F1}.Release|Any CPU.Build.0 = Release|Any CPU
	EndGlobalSection
	GlobalSection(SolutionProperties) = preSolution
		HideSolutionNode = FALSE
	EndGlobalSection
	GlobalSection(ExtensibilityGlobals) = postSolution
		SolutionGuid = {48A619B4-0891-475B-BDB3-FDCAC9FD5CA7}
	EndGlobalSection
EndGlobal
